
Microsoft Visual Studio Solution File, Format Version 12.00
# Visual Studio 15
VisualStudioVersion = 15.0.28307.2092
MinimumVisualStudioVersion = 10.0.40219.1
Project("{8BC9CEB8-8B4A-11D0-8D11-00A0C91BC942}") = "2 Užduotis", "2 Užduotis\2 Užduotis.vcxproj", "{542D0BAF-DF61-4CE0-A734-3FD3929508E1}"
EndProject
Global
	GlobalSection(SolutionConfigurationPlatforms) = preSolution
		Debug|x64 = Debug|x64
		Debug|x86 = Debug|x86
		Release|x64 = Release|x64
		Release|x86 = Release|x86
	EndGlobalSection
	GlobalSection(ProjectConfigurationPlatforms) = postSolution
		{542D0BAF-DF61-4CE0-A734-3FD3929508E1}.Debug|x64.ActiveCfg = Debug|x64
		{542D0BAF-DF61-4CE0-A734-3FD3929508E1}.Debug|x64.Build.0 = Debug|x64
		{542D0BAF-DF61-4CE0-A734-3FD3929508E1}.Debug|x86.ActiveCfg = Debug|Win32
		{542D0BAF-DF61-4CE0-A734-3FD3929508E1}.Debug|x86.Build.0 = Debug|Win32
		{542D0BAF-DF61-4CE0-A734-3FD3929508E1}.Release|x64.ActiveCfg = Release|x64
		{542D0BAF-DF61-4CE0-A734-3FD3929508E1}.Release|x64.Build.0 = Release|x64
		{542D0BAF-DF61-4CE0-A734-3FD3929508E1}.Release|x86.ActiveCfg = Release|Win32
		{542D0BAF-DF61-4CE0-A734-3FD3929508E1}.Release|x86.Build.0 = Release|Win32
	EndGlobalSection
	GlobalSection(SolutionProperties) = preSolution
		HideSolutionNode = FALSE
	EndGlobalSection
	GlobalSection(ExtensibilityGlobals) = postSolution
		SolutionGuid = {3482335A-31ED-4F9B-90A1-2E58D9AF3E2D}
	EndGlobalSection
EndGlobal
