
Microsoft Visual Studio Solution File, Format Version 12.00
# Visual Studio Version 17
VisualStudioVersion = 17.3.32929.385
MinimumVisualStudioVersion = 10.0.40219.1
Project("{8BC9CEB8-8B4A-11D0-8D11-00A0C91BC942}") = "2 Užduotis", "2 Užduotis.vcxproj", "{646199CF-7B27-46BD-B95B-B915542F51ED}"
EndProject
Global
	GlobalSection(SolutionConfigurationPlatforms) = preSolution
		Debug|x64 = Debug|x64
		Debug|x86 = Debug|x86
		Release|x64 = Release|x64
		Release|x86 = Release|x86
	EndGlobalSection
	GlobalSection(ProjectConfigurationPlatforms) = postSolution
		{646199CF-7B27-46BD-B95B-B915542F51ED}.Debug|x64.ActiveCfg = Debug|x64
		{646199CF-7B27-46BD-B95B-B915542F51ED}.Debug|x64.Build.0 = Debug|x64
		{646199CF-7B27-46BD-B95B-B915542F51ED}.Debug|x86.ActiveCfg = Debug|Win32
		{646199CF-7B27-46BD-B95B-B915542F51ED}.Debug|x86.Build.0 = Debug|Win32
		{646199CF-7B27-46BD-B95B-B915542F51ED}.Release|x64.ActiveCfg = Release|x64
		{646199CF-7B27-46BD-B95B-B915542F51ED}.Release|x64.Build.0 = Release|x64
		{646199CF-7B27-46BD-B95B-B915542F51ED}.Release|x86.ActiveCfg = Release|Win32
		{646199CF-7B27-46BD-B95B-B915542F51ED}.Release|x86.Build.0 = Release|Win32
	EndGlobalSection
	GlobalSection(SolutionProperties) = preSolution
		HideSolutionNode = FALSE
	EndGlobalSection
	GlobalSection(ExtensibilityGlobals) = postSolution
		SolutionGuid = {94F02F3F-2517-4110-9284-89A12B74D379}
	EndGlobalSection
EndGlobal
